Microsoft Visual Studio Solution File, Format Version 12.00
# Visual Studio Version 17
VisualStudioVersion = 17.5.2.0
MinimumVisualStudioVersion = 10.0.40219.1
Project("{2150E333-8FDC-42A3-9474-1A3956D46DE8}") = "csharp", "csharp", "{B41BF331-FCCB-2ADF-CDB6-767964B34647}"
EndProject
Project("{FAE04EC0-301F-11D3-BF4B-00C04F79EFBC}") = "BrasilBurger.Web", "csharp\BrasilBurger.Web\BrasilBurger.Web.csproj", "{041F5889-EE1A-642F-B28A-80CCC3ED7C36}"
EndProject
Global
	GlobalSection(SolutionConfigurationPlatforms) = preSolution
		Debug|Any CPU = Debug|Any CPU
		Release|Any CPU = Release|Any CPU
	EndGlobalSection
	GlobalSection(ProjectConfigurationPlatforms) = postSolution
		{041F5889-EE1A-642F-B28A-80CCC3ED7C36}.Debug|Any CPU.ActiveCfg = Debug|Any CPU
		{041F5889-EE1A-642F-B28A-80CCC3ED7C36}.Debug|Any CPU.Build.0 = Debug|Any CPU
		{041F5889-EE1A-642F-B28A-80CCC3ED7C36}.Release|Any CPU.ActiveCfg = Release|Any CPU
		{041F5889-EE1A-642F-B28A-80CCC3ED7C36}.Release|Any CPU.Build.0 = Release|Any CPU
	EndGlobalSection
	GlobalSection(SolutionProperties) = preSolution
		HideSolutionNode = FALSE
	EndGlobalSection
	GlobalSection(NestedProjects) = preSolution
		{041F5889-EE1A-642F-B28A-80CCC3ED7C36} = {B41BF331-FCCB-2ADF-CDB6-767964B34647}
	EndGlobalSection
	GlobalSection(ExtensibilityGlobals) = postSolution
		SolutionGuid = {6A602DFA-50F4-443E-8F7E-1D7350AF87F5}
	EndGlobalSection
EndGlobal
